// !$*UTF8*$!
{
	archiveVersion = 1;
	classes = {
	};
	objectVersion = 50;
	objects = {

/* Begin PBXBuildFile section */
		6D9CC35B2395AA9500EB1BE9 /* AppDelegate.m in Sources */ = {isa = PBXBuildFile; fileRef = 6D9CC35A2395AA9500EB1BE9 /* AppDelegate.m */; };
		6D9CC35E2395AA9500EB1BE9 /* SceneDelegate.m in Sources */ = {isa = PBXBuildFile; fileRef = 6D9CC35D2395AA9500EB1BE9 /* SceneDelegate.m */; };
		6D9CC3642395AA9500EB1BE9 /* Main.storyboard in Resources */ = {isa = PBXBuildFile; fileRef = 6D9CC3622395AA9500EB1BE9 /* Main.storyboard */; };
		6D9CC3662395AA9800EB1BE9 /* Assets.xcassets in Resources */ = {isa = PBXBuildFile; fileRef = 6D9CC3652395AA9800EB1BE9 /* Assets.xcassets */; };
		6D9CC3692395AA9800EB1BE9 /* LaunchScreen.storyboard in Resources */ = {isa = PBXBuildFile; fileRef = 6D9CC3672395AA9800EB1BE9 /* LaunchScreen.storyboard */; };
		6D9CC36C2395AA9800EB1BE9 /* main.m in Sources */ = {isa = PBXBuildFile; fileRef = 6D9CC36B2395AA9800EB1BE9 /* main.m */; };
		6D9CC3752395ABEB00EB1BE9 /* JDCEntry.m in Sources */ = {isa = PBXBuildFile; fileRef = 6D9CC3742395ABEB00EB1BE9 /* JDCEntry.m */; };
		6D9CC37A2395AF3300EB1BE9 /* JDCEntryController.m in Sources */ = {isa = PBXBuildFile; fileRef = 6D9CC3792395AF3300EB1BE9 /* JDCEntryController.m */; };
		6D9CC37E2395B36D00EB1BE9 /* JDCEntryListTableViewController.m in Sources */ = {isa = PBXBuildFile; fileRef = 6D9CC37D2395B36D00EB1BE9 /* JDCEntryListTableViewController.m */; };
		6D9CC3812395B71100EB1BE9 /* JDCEntryDetailViewController.m in Sources */ = {isa = PBXBuildFile; fileRef = 6D9CC3802395B71100EB1BE9 /* JDCEntryDetailViewController.m */; };
/* End PBXBuildFile section */

/* Begin PBXFileReference section */
		6D9CC3562395AA9500EB1BE9 /* Journal-C.app */ = {isa = PBXFileReference; explicitFileType = wrapper.application; includeInIndex = 0; path = "Journal-C.app"; sourceTree = BUILT_PRODUCTS_DIR; };
		6D9CC3592395AA9500EB1BE9 /* AppDelegate.h */ = {isa = PBXFileReference; lastKnownFileType = sourcecode.c.h; path = AppDelegate.h; sourceTree = "<group>"; };
		6D9CC35A2395AA9500EB1BE9 /* AppDelegate.m */ = {isa = PBXFileReference; lastKnownFileType = sourcecode.c.objc; path = AppDelegate.m; sourceTree = "<group>"; };
		6D9CC35C2395AA9500EB1BE9 /* SceneDelegate.h */ = {isa = PBXFileReference; lastKnownFileType = sourcecode.c.h; path = SceneDelegate.h; sourceTree = "<group>"; };
		6D9CC35D2395AA9500EB1BE9 /* SceneDelegate.m */ = {isa = PBXFileReference; lastKnownFileType = sourcecode.c.objc; path = SceneDelegate.m; sourceTree = "<group>"; };
		6D9CC3632395AA9500EB1BE9 /* Base */ = {isa = PBXFileReference; lastKnownFileType = file.storyboard; name = Base; path = Base.lproj/Main.storyboard; sourceTree = "<group>"; };
		6D9CC3652395AA9800EB1BE9 /* Assets.xcassets */ = {isa = PBXFileReference; lastKnownFileType = folder.assetcatalog; path = Assets.xcassets; sourceTree = "<group>"; };
		6D9CC3682395AA9800EB1BE9 /* Base */ = {isa = PBXFileReference; lastKnownFileType = file.storyboard; name = Base; path = Base.lproj/LaunchScreen.storyboard; sourceTree = "<group>"; };
		6D9CC36A2395AA9800EB1BE9 /* Info.plist */ = {isa = PBXFileReference; lastKnownFileType = text.plist.xml; path = Info.plist; sourceTree = "<group>"; };
		6D9CC36B2395AA9800EB1BE9 /* main.m */ = {isa = PBXFileReference; lastKnownFileType = sourcecode.c.objc; path = main.m; sourceTree = "<group>"; };
		6D9CC3732395ABEB00EB1BE9 /* JDCEntry.h */ = {isa = PBXFileReference; lastKnownFileType = sourcecode.c.h; path = JDCEntry.h; sourceTree = "<group>"; };
		6D9CC3742395ABEB00EB1BE9 /* JDCEntry.m */ = {isa = PBXFileReference; lastKnownFileType = sourcecode.c.objc; path = JDCEntry.m; sourceTree = "<group>"; };
		6D9CC3782395AF3300EB1BE9 /* JDCEntryController.h */ = {isa = PBXFileReference; lastKnownFileType = sourcecode.c.h; path = JDCEntryController.h; sourceTree = "<group>"; };
		6D9CC3792395AF3300EB1BE9 /* JDCEntryController.m */ = {isa = PBXFileReference; lastKnownFileType = sourcecode.c.objc; path = JDCEntryController.m; sourceTree = "<group>"; };
		6D9CC37C2395B36D00EB1BE9 /* JDCEntryListTableViewController.h */ = {isa = PBXFileReference; lastKnownFileType = sourcecode.c.h; path = JDCEntryListTableViewController.h; sourceTree = "<group>"; };
		6D9CC37D2395B36D00EB1BE9 /* JDCEntryListTableViewController.m */ = {isa = PBXFileReference; lastKnownFileType = sourcecode.c.objc; path = JDCEntryListTableViewController.m; sourceTree = "<group>"; };
		6D9CC37F2395B71100EB1BE9 /* JDCEntryDetailViewController.h */ = {isa = PBXFileReference; lastKnownFileType = sourcecode.c.h; path = JDCEntryDetailViewController.h; sourceTree = "<group>"; };
		6D9CC3802395B71100EB1BE9 /* JDCEntryDetailViewController.m */ = {isa = PBXFileReference; lastKnownFileType = sourcecode.c.objc; path = JDCEntryDetailViewController.m; sourceTree = "<group>"; };
/* End PBXFileReference section */

/* Begin PBXFrameworksBuildPhase section */
		6D9CC3532395AA9500EB1BE9 /* Frameworks */ = {
			isa = PBXFrameworksBuildPhase;
			buildActionMask = 2147483647;
			files = (
			);
			runOnlyForDeploymentPostprocessing = 0;
		};
/* End PBXFrameworksBuildPhase section */

/* Begin PBXGroup section */
		6D9CC34D2395AA9500EB1BE9 = {
			isa = PBXGroup;
			children = (
				6D9CC3582395AA9500EB1BE9 /* Journal-C */,
				6D9CC3572395AA9500EB1BE9 /* Products */,
			);
			sourceTree = "<group>";
		};
		6D9CC3572395AA9500EB1BE9 /* Products */ = {
			isa = PBXGroup;
			children = (
				6D9CC3562395AA9500EB1BE9 /* Journal-C.app */,
			);
			name = Products;
			sourceTree = "<group>";
		};
		6D9CC3582395AA9500EB1BE9 /* Journal-C */ = {
			isa = PBXGroup;
			children = (
				6D9CC3722395AAAF00EB1BE9 /* Resources */,
				6D9CC3622395AA9500EB1BE9 /* Main.storyboard */,
				6D9CC3762395ABEE00EB1BE9 /* Models */,
				6D9CC3772395AE2F00EB1BE9 /* Model Controllers */,
				6D9CC37B2395B31B00EB1BE9 /* View Controllers */,
			);
			path = "Journal-C";
			sourceTree = "<group>";
		};
		6D9CC3722395AAAF00EB1BE9 /* Resources */ = {
			isa = PBXGroup;
			children = (
				6D9CC3592395AA9500EB1BE9 /* AppDelegate.h */,
				6D9CC35A2395AA9500EB1BE9 /* AppDelegate.m */,
				6D9CC35C2395AA9500EB1BE9 /* SceneDelegate.h */,
				6D9CC35D2395AA9500EB1BE9 /* SceneDelegate.m */,
				6D9CC3652395AA9800EB1BE9 /* Assets.xcassets */,
				6D9CC3672395AA9800EB1BE9 /* LaunchScreen.storyboard */,
				6D9CC36A2395AA9800EB1BE9 /* Info.plist */,
				6D9CC36B2395AA9800EB1BE9 /* main.m */,
			);
			path = Resources;
			sourceTree = "<group>";
		};
		6D9CC3762395ABEE00EB1BE9 /* Models */ = {
			isa = PBXGroup;
			children = (
				6D9CC3732395ABEB00EB1BE9 /* JDCEntry.h */,
				6D9CC3742395ABEB00EB1BE9 /* JDCEntry.m */,
			);
			path = Models;
			sourceTree = "<group>";
		};
		6D9CC3772395AE2F00EB1BE9 /* Model Controllers */ = {
			isa = PBXGroup;
			children = (
				6D9CC3782395AF3300EB1BE9 /* JDCEntryController.h */,
				6D9CC3792395AF3300EB1BE9 /* JDCEntryController.m */,
			);
			path = "Model Controllers";
			sourceTree = "<group>";
		};
		6D9CC37B2395B31B00EB1BE9 /* View Controllers */ = {
			isa = PBXGroup;
			children = (
				6D9CC37C2395B36D00EB1BE9 /* JDCEntryListTableViewController.h */,
				6D9CC37D2395B36D00EB1BE9 /* JDCEntryListTableViewController.m */,
				6D9CC37F2395B71100EB1BE9 /* JDCEntryDetailViewController.h */,
				6D9CC3802395B71100EB1BE9 /* JDCEntryDetailViewController.m */,
			);
			path = "View Controllers";
			sourceTree = "<group>";
		};
/* End PBXGroup section */

/* Begin PBXNativeTarget section */
		6D9CC3552395AA9500EB1BE9 /* Journal-C */ = {
			isa = PBXNativeTarget;
			buildConfigurationList = 6D9CC36F2395AA9800EB1BE9 /* Build configuration list for PBXNativeTarget "Journal-C" */;
			buildPhases = (
				6D9CC3522395AA9500EB1BE9 /* Sources */,
				6D9CC3532395AA9500EB1BE9 /* Frameworks */,
				6D9CC3542395AA9500EB1BE9 /* Resources */,
			);
			buildRules = (
			);
			dependencies = (
			);
			name = "Journal-C";
			productName = "Journal-C";
			productReference = 6D9CC3562395AA9500EB1BE9 /* Journal-C.app */;
			productType = "com.apple.product-type.application";
		};
/* End PBXNativeTarget section */

/* Begin PBXProject section */
		6D9CC34E2395AA9500EB1BE9 /* Project object */ = {
			isa = PBXProject;
			attributes = {
				LastUpgradeCheck = 1120;
				ORGANIZATIONNAME = jdcorn;
				TargetAttributes = {
					6D9CC3552395AA9500EB1BE9 = {
						CreatedOnToolsVersion = 11.2;
					};
				};
			};
			buildConfigurationList = 6D9CC3512395AA9500EB1BE9 /* Build configuration list for PBXProject "Journal-C" */;
			compatibilityVersion = "Xcode 9.3";
			developmentRegion = en;
			hasScannedForEncodings = 0;
			knownRegions = (
				en,
				Base,
			);
			mainGroup = 6D9CC34D2395AA9500EB1BE9;
			productRefGroup = 6D9CC3572395AA9500EB1BE9 /* Products */;
			projectDirPath = "";
			projectRoot = "";
			targets = (
				6D9CC3552395AA9500EB1BE9 /* Journal-C */,
			);
		};
/* End PBXProject section */

/* Begin PBXResourcesBuildPhase section */
		6D9CC3542395AA9500EB1BE9 /* Resources */ = {
			isa = PBXResourcesBuildPhase;
			buildActionMask = 2147483647;
			files = (
				6D9CC3692395AA9800EB1BE9 /* LaunchScreen.storyboard in Resources */,
				6D9CC3662395AA9800EB1BE9 /* Assets.xcassets in Resources */,
				6D9CC3642395AA9500EB1BE9 /* Main.storyboard in Resources */,
			);
			runOnlyForDeploymentPostprocessing = 0;
		};
/* End PBXResourcesBuildPhase section */

/* Begin PBXSourcesBuildPhase section */
		6D9CC3522395AA9500EB1BE9 /* Sources */ = {
			isa = PBXSourcesBuildPhase;
			buildActionMask = 2147483647;
			files = (
				6D9CC37E2395B36D00EB1BE9 /* JDCEntryListTableViewController.m in Sources */,
				6D9CC3752395ABEB00EB1BE9 /* JDCEntry.m in Sources */,
				6D9CC3812395B71100EB1BE9 /* JDCEntryDetailViewController.m in Sources */,
				6D9CC37A2395AF3300EB1BE9 /* JDCEntryController.m in Sources */,
				6D9CC35B2395AA9500EB1BE9 /* AppDelegate.m in Sources */,
				6D9CC36C2395AA9800EB1BE9 /* main.m in Sources */,
				6D9CC35E2395AA9500EB1BE9 /* SceneDelegate.m in Sources */,
			);
			runOnlyForDeploymentPostprocessing = 0;
		};
/* End PBXSourcesBuildPhase section */

/* Begin PBXVariantGroup section */
		6D9CC3622395AA9500EB1BE9 /* Main.storyboard */ = {
			isa = PBXVariantGroup;
			children = (
				6D9CC3632395AA9500EB1BE9 /* Base */,
			);
			name = Main.storyboard;
			sourceTree = "<group>";
		};
		6D9CC3672395AA9800EB1BE9 /* LaunchScreen.storyboard */ = {
			isa = PBXVariantGroup;
			children = (
				6D9CC3682395AA9800EB1BE9 /* Base */,
			);
			name = LaunchScreen.storyboard;
			sourceTree = "<group>";
		};
/* End PBXVariantGroup section */

/* Begin XCBuildConfiguration section */
		6D9CC36D2395AA9800EB1BE9 /* Debug */ = {
			isa = XCBuildConfiguration;
			buildSettings = {
				ALWAYS_SEARCH_USER_PATHS = NO;
				CLANG_ANALYZER_NONNULL = YES;
				CLANG_ANALYZER_NUMBER_OBJECT_CONVERSION = YES_AGGRESSIVE;
				CLANG_CXX_LANGUAGE_STANDARD = "gnu++14";
				CLANG_CXX_LIBRARY = "libc++";
				CLANG_ENABLE_MODULES = YES;
				CLANG_ENABLE_OBJC_ARC = YES;
				CLANG_ENABLE_OBJC_WEAK = YES;
				CLANG_WARN_BLOCK_CAPTURE_AUTORELEASING = YES;
				CLANG_WARN_BOOL_CONVERSION = YES;
				CLANG_WARN_COMMA = YES;
				CLANG_WARN_CONSTANT_CONVERSION = YES;
				CLANG_WARN_DEPRECATED_OBJC_IMPLEMENTATIONS = YES;
				CLANG_WARN_DIRECT_OBJC_ISA_USAGE = YES_ERROR;
				CLANG_WARN_DOCUMENTATION_COMMENTS = YES;
				CLANG_WARN_EMPTY_BODY = YES;
				CLANG_WARN_ENUM_CONVERSION = YES;
				CLANG_WARN_INFINITE_RECURSION = YES;
				CLANG_WARN_INT_CONVERSION = YES;
				CLANG_WARN_NON_LITERAL_NULL_CONVERSION = YES;
				CLANG_WARN_OBJC_IMPLICIT_RETAIN_SELF = YES;
				CLANG_WARN_OBJC_LITERAL_CONVERSION = YES;
				CLANG_WARN_OBJC_ROOT_CLASS = YES_ERROR;
				CLANG_WARN_RANGE_LOOP_ANALYSIS = YES;
				CLANG_WARN_STRICT_PROTOTYPES = YES;
				CLANG_WARN_SUSPICIOUS_MOVE = YES;
				CLANG_WARN_UNGUARDED_AVAILABILITY = YES_AGGRESSIVE;
				CLANG_WARN_UNREACHABLE_CODE = YES;
				CLANG_WARN__DUPLICATE_METHOD_MATCH = YES;
				COPY_PHASE_STRIP = NO;
				DEBUG_INFORMATION_FORMAT = dwarf;
				ENABLE_STRICT_OBJC_MSGSEND = YES;
				ENABLE_TESTABILITY = YES;
				GCC_C_LANGUAGE_STANDARD = gnu11;
				GCC_DYNAMIC_NO_PIC = NO;
				GCC_NO_COMMON_BLOCKS = YES;
				GCC_OPTIMIZATION_LEVEL = 0;
				GCC_PREPROCESSOR_DEFINITIONS = (
					"DEBUG=1",
					"$(inherited)",
				);
				GCC_WARN_64_TO_32_BIT_CONVERSION = YES;
				GCC_WARN_ABOUT_RETURN_TYPE = YES_ERROR;
				GCC_WARN_UNDECLARED_SELECTOR = YES;
				GCC_WARN_UNINITIALIZED_AUTOS = YES_AGGRESSIVE;
				GCC_WARN_UNUSED_FUNCTION = YES;
				GCC_WARN_UNUSED_VARIABLE = YES;
				IPHONEOS_DEPLOYMENT_TARGET = 13.2;
				MTL_ENABLE_DEBUG_INFO = INCLUDE_SOURCE;
				MTL_FAST_MATH = YES;
				ONLY_ACTIVE_ARCH = YES;
				SDKROOT = iphoneos;
			};
			name = Debug;
		};
		6D9CC36E2395AA9800EB1BE9 /* Release */ = {
			isa = XCBuildConfiguration;
			buildSettings = {
				ALWAYS_SEARCH_USER_PATHS = NO;
				CLANG_ANALYZER_NONNULL = YES;
				CLANG_ANALYZER_NUMBER_OBJECT_CONVERSION = YES_AGGRESSIVE;
				CLANG_CXX_LANGUAGE_STANDARD = "gnu++14";
				CLANG_CXX_LIBRARY = "libc++";
				CLANG_ENABLE_MODULES = YES;
				CLANG_ENABLE_OBJC_ARC = YES;
				CLANG_ENABLE_OBJC_WEAK = YES;
				CLANG_WARN_BLOCK_CAPTURE_AUTORELEASING = YES;
				CLANG_WARN_BOOL_CONVERSION = YES;
				CLANG_WARN_COMMA = YES;
				CLANG_WARN_CONSTANT_CONVERSION = YES;
				CLANG_WARN_DEPRECATED_OBJC_IMPLEMENTATIONS = YES;
				CLANG_WARN_DIRECT_OBJC_ISA_USAGE = YES_ERROR;
				CLANG_WARN_DOCUMENTATION_COMMENTS = YES;
				CLANG_WARN_EMPTY_BODY = YES;
				CLANG_WARN_ENUM_CONVERSION = YES;
				CLANG_WARN_INFINITE_RECURSION = YES;
				CLANG_WARN_INT_CONVERSION = YES;
				CLANG_WARN_NON_LITERAL_NULL_CONVERSION = YES;
				CLANG_WARN_OBJC_IMPLICIT_RETAIN_SELF = YES;
				CLANG_WARN_OBJC_LITERAL_CONVERSION = YES;
				CLANG_WARN_OBJC_ROOT_CLASS = YES_ERROR;
				CLANG_WARN_RANGE_LOOP_ANALYSIS = YES;
				CLANG_WARN_STRICT_PROTOTYPES = YES;
				CLANG_WARN_SUSPICIOUS_MOVE = YES;
				CLANG_WARN_UNGUARDED_AVAILABILITY = YES_AGGRESSIVE;
				CLANG_WARN_UNREACHABLE_CODE = YES;
				CLANG_WARN__DUPLICATE_METHOD_MATCH = YES;
				COPY_PHASE_STRIP = NO;
				DEBUG_INFORMATION_FORMAT = "dwarf-with-dsym";
				ENABLE_NS_ASSERTIONS = NO;
				ENABLE_STRICT_OBJC_MSGSEND = YES;
				GCC_C_LANGUAGE_STANDARD = gnu11;
				GCC_NO_COMMON_BLOCKS = YES;
				GCC_WARN_64_TO_32_BIT_CONVERSION = YES;
				GCC_WARN_ABOUT_RETURN_TYPE = YES_ERROR;
				GCC_WARN_UNDECLARED_SELECTOR = YES;
				GCC_WARN_UNINITIALIZED_AUTOS = YES_AGGRESSIVE;
				GCC_WARN_UNUSED_FUNCTION = YES;
				GCC_WARN_UNUSED_VARIABLE = YES;
				IPHONEOS_DEPLOYMENT_TARGET = 13.2;
				MTL_ENABLE_DEBUG_INFO = NO;
				MTL_FAST_MATH = YES;
				SDKROOT = iphoneos;
				VALIDATE_PRODUCT = YES;
			};
			name = Release;
		};
		6D9CC3702395AA9800EB1BE9 /* Debug */ = {
			isa = XCBuildConfiguration;
			buildSettings = {
				ASSETCATALOG_COMPILER_APPICON_NAME = AppIcon;
				CODE_SIGN_STYLE = Automatic;
				INFOPLIST_FILE = "Journal-C/Resources/Info.plist";
				LD_RUNPATH_SEARCH_PATHS = (
					"$(inherited)",
					"@executable_path/Frameworks",
				);
				PRODUCT_BUNDLE_IDENTIFIER = "com.jdcorn.Journal-C";
				PRODUCT_NAME = "$(TARGET_NAME)";
				TARGETED_DEVICE_FAMILY = "1,2";
			};
			name = Debug;
		};
		6D9CC3712395AA9800EB1BE9 /* Release */ = {
			isa = XCBuildConfiguration;
			buildSettings = {
				ASSETCATALOG_COMPILER_APPICON_NAME = AppIcon;
				CODE_SIGN_STYLE = Automatic;
				INFOPLIST_FILE = "Journal-C/Resources/Info.plist";
				LD_RUNPATH_SEARCH_PATHS = (
					"$(inherited)",
					"@executable_path/Frameworks",
				);
				PRODUCT_BUNDLE_IDENTIFIER = "com.jdcorn.Journal-C";
				PRODUCT_NAME = "$(TARGET_NAME)";
				TARGETED_DEVICE_FAMILY = "1,2";
			};
			name = Release;
		};
/* End XCBuildConfiguration section */

/* Begin XCConfigurationList section */
		6D9CC3512395AA9500EB1BE9 /* Build configuration list for PBXProject "Journal-C" */ = {
			isa = XCConfigurationList;
			buildConfigurations = (
				6D9CC36D2395AA9800EB1BE9 /* Debug */,
				6D9CC36E2395AA9800EB1BE9 /* Release */,
			);
			defaultConfigurationIsVisible = 0;
			defaultConfigurationName = Release;
		};
		6D9CC36F2395AA9800EB1BE9 /* Build configuration list for PBXNativeTarget "Journal-C" */ = {
			isa = XCConfigurationList;
			buildConfigurations = (
				6D9CC3702395AA9800EB1BE9 /* Debug */,
				6D9CC3712395AA9800EB1BE9 /* Release */,
			);
			defaultConfigurationIsVisible = 0;
			defaultConfigurationName = Release;
		};
/* End XCConfigurationList section */
	};
	rootObject = 6D9CC34E2395AA9500EB1BE9 /* Project object */;
}
